
Microsoft Visual Studio Solution File, Format Version 12.00
# Visual Studio Version 17
VisualStudioVersion = 17.6.33829.357
MinimumVisualStudioVersion = 10.0.40219.1
Project("{FAE04EC0-301F-11D3-BF4B-00C04F79EFBC}") = "EmagTask", "EmagTask\EmagTask.csproj", "{346B0347-76F6-4A47-B89B-1EDCB17BEAFF}"
EndProject
Global
	GlobalSection(SolutionConfigurationPlatforms) = preSolution
		Debug|Any CPU = Debug|Any CPU
		Release|Any CPU = Release|Any CPU
	EndGlobalSection
	GlobalSection(ProjectConfigurationPlatforms) = postSolution
		{346B0347-76F6-4A47-B89B-1EDCB17BEAFF}.Debug|Any CPU.ActiveCfg = Debug|Any CPU
		{346B0347-76F6-4A47-B89B-1EDCB17BEAFF}.Debug|Any CPU.Build.0 = Debug|Any CPU
		{346B0347-76F6-4A47-B89B-1EDCB17BEAFF}.Release|Any CPU.ActiveCfg = Release|Any CPU
		{346B0347-76F6-4A47-B89B-1EDCB17BEAFF}.Release|Any CPU.Build.0 = Release|Any CPU
	EndGlobalSection
	GlobalSection(SolutionProperties) = preSolution
		HideSolutionNode = FALSE
	EndGlobalSection
	GlobalSection(ExtensibilityGlobals) = postSolution
		SolutionGuid = {FC9872DC-0A74-4C48-AB4B-0EF785175D5D}
	EndGlobalSection
EndGlobal
